
Microsoft Visual Studio Solution File, Format Version 12.00
# Visual Studio Version 17
VisualStudioVersion = 17.11.35327.3
MinimumVisualStudioVersion = 10.0.40219.1
Project("{FAE04EC0-301F-11D3-BF4B-00C04F79EFBC}") = "Summarizer", "Summarizer.csproj", "{792B2D8F-27BE-4D95-BCDD-EA8A9E78C235}"
EndProject
Global
	GlobalSection(SolutionConfigurationPlatforms) = preSolution
		Debug|Any CPU = Debug|Any CPU
		Release|Any CPU = Release|Any CPU
	EndGlobalSection
	GlobalSection(ProjectConfigurationPlatforms) = postSolution
		{792B2D8F-27BE-4D95-BCDD-EA8A9E78C235}.Debug|Any CPU.ActiveCfg = Debug|Any CPU
		{792B2D8F-27BE-4D95-BCDD-EA8A9E78C235}.Debug|Any CPU.Build.0 = Debug|Any CPU
		{792B2D8F-27BE-4D95-BCDD-EA8A9E78C235}.Release|Any CPU.ActiveCfg = Release|Any CPU
		{792B2D8F-27BE-4D95-BCDD-EA8A9E78C235}.Release|Any CPU.Build.0 = Release|Any CPU
	EndGlobalSection
	GlobalSection(SolutionProperties) = preSolution
		HideSolutionNode = FALSE
	EndGlobalSection
	GlobalSection(ExtensibilityGlobals) = postSolution
		SolutionGuid = {13840AE8-0E69-49BA-81F3-0A803CBFFF92}
	EndGlobalSection
EndGlobal
